
Microsoft Visual Studio Solution File, Format Version 12.00
# Visual Studio Version 16
VisualStudioVersion = 25.0.1706.4
MinimumVisualStudioVersion = 10.0.40219.1
Project("{FAE04EC0-301F-11D3-BF4B-00C04F79EFBC}") = "dotnet Hospital Management System", "dotnet Hospital Management System.csproj", "{771423A4-0A69-481E-AC5E-DE6C29D359EF}"
EndProject
Global
	GlobalSection(SolutionConfigurationPlatforms) = preSolution
		Debug|Any CPU = Debug|Any CPU
		Release|Any CPU = Release|Any CPU
	EndGlobalSection
	GlobalSection(ProjectConfigurationPlatforms) = postSolution
		{771423A4-0A69-481E-AC5E-DE6C29D359EF}.Debug|Any CPU.ActiveCfg = Debug|Any CPU
		{771423A4-0A69-481E-AC5E-DE6C29D359EF}.Debug|Any CPU.Build.0 = Debug|Any CPU
		{771423A4-0A69-481E-AC5E-DE6C29D359EF}.Release|Any CPU.ActiveCfg = Release|Any CPU
		{771423A4-0A69-481E-AC5E-DE6C29D359EF}.Release|Any CPU.Build.0 = Release|Any CPU
	EndGlobalSection
	GlobalSection(SolutionProperties) = preSolution
		HideSolutionNode = FALSE
	EndGlobalSection
	GlobalSection(ExtensibilityGlobals) = postSolution
		SolutionGuid = {49EA88A6-3298-4ADE-9C32-C77604366CC2}
	EndGlobalSection
EndGlobal
